{
  "name": "testdata",
  "lockfileVersion": 3,
  "requires": true,
  "packages": {
    "": {
      "name": "testdata",
      "dependencies": {
        "@hypermode/modus-sdk-as": "../../../../sdk/assemblyscript/src",
        "json-as": "^1.0.1"
      },
      "devDependencies": {
        "assemblyscript": "^0.27.35",
        "typescript": "^5.8.2"
      }
    },
    "../../../../sdk/assemblyscript/src": {
      "name": "@hypermode/modus-sdk-as",
      "license": "Apache-2.0",
      "dependencies": {
        "@assemblyscript/wasi-shim": "^0.1.0",
        "as-base64": "^0.2.0",
        "chalk": "^5.4.1",
        "json-as": "^1.0.1",
        "semver": "^7.7.1",
        "xid-ts": "^1.1.4"
      },
      "bin": {
        "modus-as-build": "bin/build-plugin.js"
      },
      "devDependencies": {
        "@eslint/js": "^9.22.0",
        "@types/node": "^22.13.10",
        "as-test": "^0.4.1",
        "assemblyscript": "^0.27.35",
        "assemblyscript-prettier": "^3.0.1",
        "eslint": "^9.22.0",
        "prettier": "^3.5.3",
        "typescript": "^5.8.2",
        "typescript-eslint": "^8.26.1"
      },
      "engines": {
        "node": ">=22"
      }
    },
    "node_modules/@hypermode/modus-sdk-as": {
      "resolved": "../../../../sdk/assemblyscript/src",
      "link": true
    },
    "node_modules/assemblyscript": {
      "version": "0.27.35",
      "resolved": "https://registry.npmjs.org/assemblyscript/-/assemblyscript-0.27.35.tgz",
      "integrity": "sha512-aAhrje38eLG7IWvF4jbKUeUcPAfE91gVPBcgcS/ZoNWLD3AjdZUyDNTmEajK2xDlq0vAn5ZiSIdNyHFPfE5JiQ==",
      "dev": true,
      "license": "Apache-2.0",
      "dependencies": {
        "binaryen": "116.0.0-nightly.20240114",
        "long": "^5.2.4"
      },
      "bin": {
        "asc": "bin/asc.js",
        "asinit": "bin/asinit.js"
      },
      "engines": {
        "node": ">=18",
        "npm": ">=10"
      },
      "funding": {
        "type": "opencollective",
        "url": "https://opencollective.com/assemblyscript"
      }
    },
    "node_modules/binaryen": {
      "version": "116.0.0-nightly.20240114",
      "resolved": "https://registry.npmjs.org/binaryen/-/binaryen-116.0.0-nightly.20240114.tgz",
      "integrity": "sha512-0GZrojJnuhoe+hiwji7QFaL3tBlJoA+KFUN7ouYSDGZLSo9CKM8swQX8n/UcbR0d1VuZKU+nhogNzv423JEu5A==",
      "dev": true,
      "license": "Apache-2.0",
      "bin": {
        "wasm-opt": "bin/wasm-opt",
        "wasm2js": "bin/wasm2js"
      }
    },
    "node_modules/json-as": {
      "version": "1.0.1",
      "resolved": "https://registry.npmjs.org/json-as/-/json-as-1.0.1.tgz",
      "integrity": "sha512-EuZYZFIOE39kxTWlkkp1Dz40d3xw9T6y8/Lyi033jWdeBKtuB8RecLfuoKCwfjPl7Jwufcweacsls+URlYr/CA==",
      "license": "MIT"
    },
    "node_modules/long": {
      "version": "5.3.1",
      "resolved": "https://registry.npmjs.org/long/-/long-5.3.1.tgz",
      "integrity": "sha512-ka87Jz3gcx/I7Hal94xaN2tZEOPoUOEVftkQqZx2EeQRN7LGdfLlI3FvZ+7WDplm+vK2Urx9ULrvSowtdCieng==",
      "dev": true,
      "license": "Apache-2.0"
    },
    "node_modules/typescript": {
      "version": "5.8.2",
      "resolved": "https://registry.npmjs.org/typescript/-/typescript-5.8.2.tgz",
      "integrity": "sha512-aJn6wq13/afZp/jT9QZmwEjDqqvSGp1VT5GVg+f/t6/oVyrgXM6BY1h9BRh/O5p3PlUPAe+WuiEZOmb/49RqoQ==",
      "dev": true,
      "license": "Apache-2.0",
      "bin": {
        "tsc": "bin/tsc",
        "tsserver": "bin/tsserver"
      },
      "engines": {
        "node": ">=14.17"
      }
    }
  }
}
