{
  "name": "testdata",
  "lockfileVersion": 3,
  "requires": true,
  "packages": {
    "": {
      "name": "testdata",
      "dependencies": {
        "@hypermode/modus-sdk-as": "../../../../sdk/assemblyscript/src",
        "json-as": "^1.1.19",
        "try-as": "^0.2.2"
      },
      "devDependencies": {
        "assemblyscript": "^0.28.2",
        "typescript": "^5.8.3"
      }
    },
    "../../../../sdk/assemblyscript/src": {
      "name": "@hypermode/modus-sdk-as",
      "license": "Apache-2.0",
      "dependencies": {
        "@assemblyscript/wasi-shim": "^0.1.0",
        "as-base64": "^0.2.0",
        "chalk": "^5.4.1",
        "json-as": "^1.1.19",
        "semver": "^7.7.2",
        "try-as": "^0.2.2",
        "xid-ts": "^1.1.4"
      },
      "bin": {
        "modus-as-build": "bin/build-plugin.js"
      },
      "devDependencies": {
        "@eslint/js": "^9.30.1",
        "@types/node": "^22.16.0",
        "as-test": "^0.4.4",
        "assemblyscript": "^0.28.2",
        "assemblyscript-prettier": "^3.0.1",
        "eslint": "^9.30.1",
        "prettier": "^3.6.2",
        "typescript": "^5.8.3",
        "typescript-eslint": "^8.35.1"
      },
      "engines": {
        "node": ">=22"
      }
    },
    "node_modules/@hypermode/modus-sdk-as": {
      "resolved": "../../../../sdk/assemblyscript/src",
      "link": true
    },
    "node_modules/assemblyscript": {
      "version": "0.28.2",
      "resolved": "https://registry.npmjs.org/assemblyscript/-/assemblyscript-0.28.2.tgz",
      "integrity": "sha512-0j6kQdfKqRgmkY9zIzpFVcsLW8lMZ61pIZmmXJNiJeN2rvaHCCBSzHOoFNBh2jlvQNijY2/uxuufnSQma8HmFQ==",
      "dev": true,
      "license": "Apache-2.0",
      "dependencies": {
        "binaryen": "123.0.0-nightly.20250530",
        "long": "^5.2.4"
      },
      "bin": {
        "asc": "bin/asc.js",
        "asinit": "bin/asinit.js"
      },
      "engines": {
        "node": ">=20",
        "npm": ">=10"
      },
      "funding": {
        "type": "opencollective",
        "url": "https://opencollective.com/assemblyscript"
      }
    },
    "node_modules/binaryen": {
      "version": "123.0.0-nightly.20250530",
      "resolved": "https://registry.npmjs.org/binaryen/-/binaryen-123.0.0-nightly.20250530.tgz",
      "integrity": "sha512-d1zPHBN5YlOd3Ff+OUxvVExuFeh8heSnqe+X3bjItFxGLvn4VGBKmrvv7pgy/cRhrIUGuPW138iaWfDhwjyDqg==",
      "dev": true,
      "license": "Apache-2.0",
      "bin": {
        "wasm-as": "bin/wasm-as",
        "wasm-ctor-eval": "bin/wasm-ctor-eval",
        "wasm-dis": "bin/wasm-dis",
        "wasm-merge": "bin/wasm-merge",
        "wasm-metadce": "bin/wasm-metadce",
        "wasm-opt": "bin/wasm-opt",
        "wasm-reduce": "bin/wasm-reduce",
        "wasm-shell": "bin/wasm-shell",
        "wasm2js": "bin/wasm2js"
      }
    },
    "node_modules/json-as": {
      "version": "1.1.19",
      "resolved": "https://registry.npmjs.org/json-as/-/json-as-1.1.19.tgz",
      "integrity": "sha512-HBDTkNQAVhhEdre/S+tS4mHsCJJdYAG6ziAAtBsXBBRBnDr1YQUtzt6Opv9Amm1Bpfhe+RBFSlUzIUnrOhL3hg==",
      "license": "MIT"
    },
    "node_modules/long": {
      "version": "5.3.1",
      "resolved": "https://registry.npmjs.org/long/-/long-5.3.1.tgz",
      "integrity": "sha512-ka87Jz3gcx/I7Hal94xaN2tZEOPoUOEVftkQqZx2EeQRN7LGdfLlI3FvZ+7WDplm+vK2Urx9ULrvSowtdCieng==",
      "dev": true,
      "license": "Apache-2.0"
    },
    "node_modules/try-as": {
      "version": "0.2.2",
      "resolved": "https://registry.npmjs.org/try-as/-/try-as-0.2.2.tgz",
      "integrity": "sha512-pLwVa3hgrnl++jibC6knEwaAf7fdqZndEKl0E5GAi9+uCZ2DI4wSxiM+J/rMUo4Y1x5SNN7kATOK0HQAr2yq4A==",
      "license": "MIT"
    },
    "node_modules/typescript": {
      "version": "5.8.3",
      "resolved": "https://registry.npmjs.org/typescript/-/typescript-5.8.3.tgz",
      "integrity": "sha512-p1diW6TqL9L07nNxvRMM7hMMw4c5XOo/1ibL4aAIGmSAt9slTE1Xgw5KWuof2uTOvCg9BY7ZRi+GaF+7sfgPeQ==",
      "dev": true,
      "license": "Apache-2.0",
      "bin": {
        "tsc": "bin/tsc",
        "tsserver": "bin/tsserver"
      },
      "engines": {
        "node": ">=14.17"
      }
    }
  }
}
