{
  "name": "testdata",
  "lockfileVersion": 3,
  "requires": true,
  "packages": {
    "": {
      "name": "testdata",
      "dependencies": {
        "@hypermode/functions-as": "^0.11.1",
        "json-as": "^0.9.21"
      },
      "devDependencies": {
        "assemblyscript": "^0.27.29",
        "semver": "^7.6.3",
        "typescript": "^5.5.4",
        "visitor-as": "^0.11.4"
      }
    },
    "node_modules/@assemblyscript/wasi-shim": {
      "version": "0.1.0",
      "resolved": "https://registry.npmjs.org/@assemblyscript/wasi-shim/-/wasi-shim-0.1.0.tgz",
      "integrity": "sha512-fSLH7MdJHf2uDW5llA5VCF/CG62Jp2WkYGui9/3vIWs3jDhViGeQF7nMYLUjpigluM5fnq61I6obtCETy39FZw==",
      "license": "Apache-2.0",
      "funding": {
        "type": "opencollective",
        "url": "https://opencollective.com/assemblyscript"
      }
    },
    "node_modules/@hypermode/functions-as": {
      "version": "0.11.1",
      "resolved": "https://registry.npmjs.org/@hypermode/functions-as/-/functions-as-0.11.1.tgz",
      "integrity": "sha512-U0AHuzRwOW6x2FT2gsU+vXShK4IJWopKNvsnVt4Lan5d2d3Hz8/7ehQcKADBknP/dDAaBxAsLTmJRt5b65ZjJQ==",
      "license": "MIT",
      "dependencies": {
        "@assemblyscript/wasi-shim": "^0.1.0",
        "@hypermode/models-as": "^0.2.3",
        "json-as": "^0.9.21",
        "xid-ts": "^1.1.0"
      }
    },
    "node_modules/@hypermode/models-as": {
      "version": "0.2.3",
      "resolved": "https://registry.npmjs.org/@hypermode/models-as/-/models-as-0.2.3.tgz",
      "integrity": "sha512-Zk8XTg2tfAkHC9p4Xf9rwEfpGExmjlto0VV+H9XtyG9zrLkNo1Xs+91sUNvHafkSd90K10PJiY9/IxEgddmqYQ==",
      "license": "MIT",
      "dependencies": {
        "json-as": "^0.9.21"
      }
    },
    "node_modules/as-virtual": {
      "version": "0.2.0",
      "resolved": "https://registry.npmjs.org/as-virtual/-/as-virtual-0.2.0.tgz",
      "integrity": "sha512-zI+8VwD6BPUtXrxs4R7v2N+59OAIBRwiiv9nGIMwcQ/w/lspyaualMqM7yok3jMRglKqLkfOx+dCJimeflEJcA==",
      "license": "MIT"
    },
    "node_modules/assemblyscript": {
      "version": "0.27.29",
      "resolved": "https://registry.npmjs.org/assemblyscript/-/assemblyscript-0.27.29.tgz",
      "integrity": "sha512-pH6udb7aE2F0t6cTh+0uCepmucykhMnAmm7k0kkAU3SY7LvpIngEBZWM6p5VCguu4EpmKGwEuZpZbEXzJ/frHQ==",
      "dev": true,
      "license": "Apache-2.0",
      "dependencies": {
        "binaryen": "116.0.0-nightly.20240114",
        "long": "^5.2.1"
      },
      "bin": {
        "asc": "bin/asc.js",
        "asinit": "bin/asinit.js"
      },
      "engines": {
        "node": ">=16",
        "npm": ">=7"
      },
      "funding": {
        "type": "opencollective",
        "url": "https://opencollective.com/assemblyscript"
      }
    },
    "node_modules/binaryen": {
      "version": "116.0.0-nightly.20240114",
      "resolved": "https://registry.npmjs.org/binaryen/-/binaryen-116.0.0-nightly.20240114.tgz",
      "integrity": "sha512-0GZrojJnuhoe+hiwji7QFaL3tBlJoA+KFUN7ouYSDGZLSo9CKM8swQX8n/UcbR0d1VuZKU+nhogNzv423JEu5A==",
      "dev": true,
      "license": "Apache-2.0",
      "bin": {
        "wasm-opt": "bin/wasm-opt",
        "wasm2js": "bin/wasm2js"
      }
    },
    "node_modules/json-as": {
      "version": "0.9.21",
      "resolved": "https://registry.npmjs.org/json-as/-/json-as-0.9.21.tgz",
      "integrity": "sha512-f7VWuRrS5jlZtN0XXHrLDdRNDixIscyPUKmn0lkxIA4YxkKvOEUYTIeggFBtT1FwrZcRN5F/SjDVrQ+7DkAnPQ==",
      "license": "MIT",
      "dependencies": {
        "as-virtual": "^0.2.0"
      }
    },
    "node_modules/lodash.clonedeep": {
      "version": "4.5.0",
      "resolved": "https://registry.npmjs.org/lodash.clonedeep/-/lodash.clonedeep-4.5.0.tgz",
      "integrity": "sha512-H5ZhCF25riFd9uB5UCkVKo61m3S/xZk1x4wA6yp/L3RFP6Z/eHH1ymQcGLo7J3GMPfm0V/7m1tryHuGVxpqEBQ==",
      "dev": true,
      "license": "MIT"
    },
    "node_modules/long": {
      "version": "5.2.3",
      "resolved": "https://registry.npmjs.org/long/-/long-5.2.3.tgz",
      "integrity": "sha512-lcHwpNoggQTObv5apGNCTdJrO69eHOZMi4BNC+rTLER8iHAqGrUVeLh/irVIM7zTw2bOXA8T6uNPeujwOLg/2Q==",
      "dev": true,
      "license": "Apache-2.0"
    },
    "node_modules/semver": {
      "version": "7.6.3",
      "resolved": "https://registry.npmjs.org/semver/-/semver-7.6.3.tgz",
      "integrity": "sha512-oVekP1cKtI+CTDvHWYFUcMtsK/00wmAEfyqKfNdARm8u1wNVhSgaX7A8d4UuIlUI5e84iEwOhs7ZPYRmzU9U6A==",
      "dev": true,
      "license": "ISC",
      "bin": {
        "semver": "bin/semver.js"
      },
      "engines": {
        "node": ">=10"
      }
    },
    "node_modules/ts-mixer": {
      "version": "6.0.4",
      "resolved": "https://registry.npmjs.org/ts-mixer/-/ts-mixer-6.0.4.tgz",
      "integrity": "sha512-ufKpbmrugz5Aou4wcr5Wc1UUFWOLhq+Fm6qa6P0w0K5Qw2yhaUoiWszhCVuNQyNwrlGiscHOmqYoAox1PtvgjA==",
      "dev": true,
      "license": "MIT"
    },
    "node_modules/typescript": {
      "version": "5.5.4",
      "resolved": "https://registry.npmjs.org/typescript/-/typescript-5.5.4.tgz",
      "integrity": "sha512-Mtq29sKDAEYP7aljRgtPOpTvOfbwRWlS6dPRzwjdE+C0R4brX/GUyhHSecbHMFLNBLcJIPt9nl9yG5TZ1weH+Q==",
      "dev": true,
      "license": "Apache-2.0",
      "bin": {
        "tsc": "bin/tsc",
        "tsserver": "bin/tsserver"
      },
      "engines": {
        "node": ">=14.17"
      }
    },
    "node_modules/visitor-as": {
      "version": "0.11.4",
      "resolved": "https://registry.npmjs.org/visitor-as/-/visitor-as-0.11.4.tgz",
      "integrity": "sha512-uih7AooY2V3LhzobjLqyEQzhYYBGeq0y/rZk295foM1Ko498f24NNXBDyM1SgzcLMFCAT/fpmSRco1BpTIdKNQ==",
      "dev": true,
      "license": "MIT",
      "dependencies": {
        "lodash.clonedeep": "^4.5.0",
        "ts-mixer": "^6.0.2"
      },
      "peerDependencies": {
        "assemblyscript": "^0.25.0"
      }
    },
    "node_modules/xid-ts": {
      "version": "1.1.0",
      "resolved": "https://registry.npmjs.org/xid-ts/-/xid-ts-1.1.0.tgz",
      "integrity": "sha512-MVMypK+qLyDscU/gt1Y7vR8puZ+C6OL1NxNpumKUlziifoVHjJxwLAi7gRWbKIlEU/LTwrPLnnqnw0SAisVkqQ==",
      "license": "MIT",
      "engines": {
        "node": ">=18.0.0"
      }
    }
  }
}
