{
  "name": "hmplugin1",
  "version": "1.0.0",
  "lockfileVersion": 3,
  "requires": true,
  "packages": {
    "": {
      "name": "hmplugin1",
      "version": "1.0.0",
      "license": "MIT",
      "dependencies": {
        "assemblyscript-json": "^1.1.0",
        "json-as": "^0.5.65"
      },
      "devDependencies": {
        "@assemblyscript/wasi-shim": "^0.1.0",
        "assemblyscript": "^0.27.14",
        "visitor-as": "^0.11.4"
      }
    },
    "node_modules/@assemblyscript/wasi-shim": {
      "version": "0.1.0",
      "resolved": "https://registry.npmjs.org/@assemblyscript/wasi-shim/-/wasi-shim-0.1.0.tgz",
      "integrity": "sha512-fSLH7MdJHf2uDW5llA5VCF/CG62Jp2WkYGui9/3vIWs3jDhViGeQF7nMYLUjpigluM5fnq61I6obtCETy39FZw==",
      "dev": true,
      "funding": {
        "type": "opencollective",
        "url": "https://opencollective.com/assemblyscript"
      }
    },
    "node_modules/as-string-sink": {
      "version": "0.5.3",
      "resolved": "https://registry.npmjs.org/as-string-sink/-/as-string-sink-0.5.3.tgz",
      "integrity": "sha512-DN/QqfptDhi4FaBqehMN9wH5Dl/PcTSfCfzSmcdtf3OVYYIEip5iyVUcS6t40BAP/OoUwtxCCbD/dlr2kVG+3Q=="
    },
    "node_modules/as-variant": {
      "version": "0.4.1",
      "resolved": "https://registry.npmjs.org/as-variant/-/as-variant-0.4.1.tgz",
      "integrity": "sha512-NCeerOfp1JRXRcT4WCqOBANPoDTE2zqS4eN+jPtdyNWJybUgG/rX9ugUxICkSQZzCfnG84zzxr3osQbjAkyiww=="
    },
    "node_modules/as-virtual": {
      "version": "0.1.9",
      "resolved": "https://registry.npmjs.org/as-virtual/-/as-virtual-0.1.9.tgz",
      "integrity": "sha512-R1nR7TT0KcROL/TxSXmiX2Q+7CgUMrjT/y9IP07StStqWs32KT2mpadJNF//yHWRaIJWe6atqTqO0JzsdhkPcQ=="
    },
    "node_modules/assemblyscript": {
      "version": "0.27.14",
      "resolved": "https://registry.npmjs.org/assemblyscript/-/assemblyscript-0.27.14.tgz",
      "integrity": "sha512-bOEYT6SF0C0QRyG5kNzPY3EfklydQnzlg1X1p38vsYGq3T5wXfYSMyUTen1peTloE+1n4q6HvjaJt+3JkjyF5w==",
      "dev": true,
      "dependencies": {
        "binaryen": "112.0.0-nightly.20230411",
        "long": "^5.2.1"
      },
      "bin": {
        "asc": "bin/asc.js",
        "asinit": "bin/asinit.js"
      },
      "engines": {
        "node": ">=16",
        "npm": ">=7"
      },
      "funding": {
        "type": "opencollective",
        "url": "https://opencollective.com/assemblyscript"
      }
    },
    "node_modules/assemblyscript-json": {
      "version": "1.1.0",
      "resolved": "https://registry.npmjs.org/assemblyscript-json/-/assemblyscript-json-1.1.0.tgz",
      "integrity": "sha512-UbE8ts8csTWQgd5TnSPN7MRV9NveuHv1bVnKmDLoo/tzjqxkmsZb3lu59Uk8H7SGoqdkDSEE049alx/nHnSdFw=="
    },
    "node_modules/binaryen": {
      "version": "112.0.0-nightly.20230411",
      "resolved": "https://registry.npmjs.org/binaryen/-/binaryen-112.0.0-nightly.20230411.tgz",
      "integrity": "sha512-4V9r9x9fjAVFZdR2yvBFc3BEJJIBYvd2X8X8k0zAuJsao2gl9wNHDmpQ30QsLo6hgkRfRImkCbCjhXW3RDOYXQ==",
      "dev": true,
      "bin": {
        "wasm-opt": "bin/wasm-opt",
        "wasm2js": "bin/wasm2js"
      }
    },
    "node_modules/json-as": {
      "version": "0.5.67",
      "resolved": "https://registry.npmjs.org/json-as/-/json-as-0.5.67.tgz",
      "integrity": "sha512-DLIoK/JHUFYp9sn8XQ/Q2sM1b3dstt7XF/WTpwHI/6XUVuone7uIRKdiIxYWJcIPK1SinQsGg9MSLMBdUW2HlQ==",
      "dependencies": {
        "as-string-sink": "^0.5.3",
        "as-variant": "^0.4.1",
        "as-virtual": "^0.1.9"
      }
    },
    "node_modules/lodash.clonedeep": {
      "version": "4.5.0",
      "resolved": "https://registry.npmjs.org/lodash.clonedeep/-/lodash.clonedeep-4.5.0.tgz",
      "integrity": "sha512-H5ZhCF25riFd9uB5UCkVKo61m3S/xZk1x4wA6yp/L3RFP6Z/eHH1ymQcGLo7J3GMPfm0V/7m1tryHuGVxpqEBQ==",
      "dev": true
    },
    "node_modules/long": {
      "version": "5.2.3",
      "resolved": "https://registry.npmjs.org/long/-/long-5.2.3.tgz",
      "integrity": "sha512-lcHwpNoggQTObv5apGNCTdJrO69eHOZMi4BNC+rTLER8iHAqGrUVeLh/irVIM7zTw2bOXA8T6uNPeujwOLg/2Q==",
      "dev": true
    },
    "node_modules/ts-mixer": {
      "version": "6.0.3",
      "resolved": "https://registry.npmjs.org/ts-mixer/-/ts-mixer-6.0.3.tgz",
      "integrity": "sha512-k43M7uCG1AkTyxgnmI5MPwKoUvS/bRvLvUb7+Pgpdlmok8AoqmUaZxUUw8zKM5B1lqZrt41GjYgnvAi0fppqgQ==",
      "dev": true
    },
    "node_modules/visitor-as": {
      "version": "0.11.4",
      "resolved": "https://registry.npmjs.org/visitor-as/-/visitor-as-0.11.4.tgz",
      "integrity": "sha512-uih7AooY2V3LhzobjLqyEQzhYYBGeq0y/rZk295foM1Ko498f24NNXBDyM1SgzcLMFCAT/fpmSRco1BpTIdKNQ==",
      "dev": true,
      "dependencies": {
        "lodash.clonedeep": "^4.5.0",
        "ts-mixer": "^6.0.2"
      },
      "peerDependencies": {
        "assemblyscript": "^0.25.0"
      }
    }
  }
}
