{
  "name": "examples",
  "lockfileVersion": 3,
  "requires": true,
  "packages": {
    "": {
      "dependencies": {
        "try-as": "^0.2.3"
      }
    },
    "node_modules/try-as": {
      "version": "0.2.3",
      "resolved": "https://registry.npmjs.org/try-as/-/try-as-0.2.3.tgz",
      "integrity": "sha512-JcEsAltSjLNci1+lqZYxbEk/0BkxJKjXIOu7QxikgKRviKalork4qHAANMXdnjxpzsugY5H6JlYrUqT28pUDmA==",
      "license": "MIT"
    }
  }
}
