github.com/hypermodeinc/modus/sdk/go v0.13.0 h1:uoQwiS3v/axa5Jm3dxhKUBDygUbzlwGZtPrDVLLyE+U=
github.com/hypermodeinc/modus/sdk/go v0.13.0/go.mod h1:0TaYvERi5P95n35uLCm7I+Dq7qjnoc95Bu2Yjqr+GIo=
github.com/hypermodeinc/modus/sdk/go v0.13.1 h1:i12jiBwAAhq/c9HwEvwA0ugXOCvg/wlP9kGtTsg7w9U=
github.com/hypermodeinc/modus/sdk/go v0.13.1/go.mod h1:0TaYvERi5P95n35uLCm7I+Dq7qjnoc95Bu2Yjqr+GIo=
