{
  "name": "@hypermode/release-info",
  "version": "1.0.0",
  "lockfileVersion": 3,
  "requires": true,
  "packages": {
    "": {
      "name": "@hypermode/release-info",
      "license": "Apache-2.0",
      "dependencies": {
        "semver": "^7.6.3"
      },
      "devDependencies": {
        "@types/semver": "^7.5.8"
      }
    },
    "node_modules/@types/semver": {
      "version": "7.5.8",
      "resolved": "https://registry.npmjs.org/@types/semver/-/semver-7.5.8.tgz",
      "integrity": "sha512-I8EUhyrgfLrcTkzV3TSsGyl1tSuPrEDzr0yd5m90UgNxQkyDXULk3b6MlQqTCpZpNtWe1K0hzclnZkTcLBe2UQ==",
      "dev": true,
      "license": "MIT"
    },
    "node_modules/semver": {
      "version": "7.6.3",
      "resolved": "https://registry.npmjs.org/semver/-/semver-7.6.3.tgz",
      "integrity": "sha512-oVekP1cKtI+CTDvHWYFUcMtsK/00wmAEfyqKfNdARm8u1wNVhSgaX7A8d4UuIlUI5e84iEwOhs7ZPYRmzU9U6A==",
      "license": "ISC",
      "bin": {
        "semver": "bin/semver.js"
      },
      "engines": {
        "node": ">=10"
      }
    }
  }
}
